// !$*UTF8*$!
{
	archiveVersion = 1;
	classes = {
	};
	objectVersion = 46;
	objects = {

/* Begin PBXBuildFile section */
		C060844A1F3FEB030077BEBA /* LogEditorView.swift in Sources */ = {isa = PBXBuildFile; fileRef = C06084491F3FEB030077BEBA /* LogEditorView.swift */; };
		C060844E1F410FBC0077BEBA /* LogCell.swift in Sources */ = {isa = PBXBuildFile; fileRef = C060844D1F410FBC0077BEBA /* LogCell.swift */; };
		C06084521F41468B0077BEBA /* ModelController.swift in Sources */ = {isa = PBXBuildFile; fileRef = C06084511F41468B0077BEBA /* ModelController.swift */; };
		C06084551F45D4040077BEBA /* LogHeaderView.swift in Sources */ = {isa = PBXBuildFile; fileRef = C06084541F45D4040077BEBA /* LogHeaderView.swift */; };
		C06084571F49CAF40077BEBA /* LogDetailView.swift in Sources */ = {isa = PBXBuildFile; fileRef = C06084561F49CAF40077BEBA /* LogDetailView.swift */; };
		C06084591F49CB890077BEBA /* LogDetailController.swift in Sources */ = {isa = PBXBuildFile; fileRef = C06084581F49CB890077BEBA /* LogDetailController.swift */; };
		C0E8E2601F3449A600EDF143 /* Utils.swift in Sources */ = {isa = PBXBuildFile; fileRef = C0E8E25F1F3449A600EDF143 /* Utils.swift */; };
		C0E8E2621F3452E400EDF143 /* LogEditorController.swift in Sources */ = {isa = PBXBuildFile; fileRef = C0E8E2611F3452E400EDF143 /* LogEditorController.swift */; };
		C0E8E2641F357DBC00EDF143 /* Model.swift in Sources */ = {isa = PBXBuildFile; fileRef = C0E8E2631F357DBC00EDF143 /* Model.swift */; };
		C0FEB9A31F341DB80077D90F /* AppDelegate.swift in Sources */ = {isa = PBXBuildFile; fileRef = C0FEB9A21F341DB80077D90F /* AppDelegate.swift */; };
		C0FEB9A51F341DB80077D90F /* LogsController.swift in Sources */ = {isa = PBXBuildFile; fileRef = C0FEB9A41F341DB80077D90F /* LogsController.swift */; };
		C0FEB9AB1F341DB80077D90F /* WorkDaily.xcdatamodeld in Sources */ = {isa = PBXBuildFile; fileRef = C0FEB9A91F341DB80077D90F /* WorkDaily.xcdatamodeld */; };
		C0FEB9AD1F341DB80077D90F /* Assets.xcassets in Resources */ = {isa = PBXBuildFile; fileRef = C0FEB9AC1F341DB80077D90F /* Assets.xcassets */; };
		C0FEB9B01F341DB80077D90F /* LaunchScreen.storyboard in Resources */ = {isa = PBXBuildFile; fileRef = C0FEB9AE1F341DB80077D90F /* LaunchScreen.storyboard */; };
/* End PBXBuildFile section */

/* Begin PBXFileReference section */
		C06084491F3FEB030077BEBA /* LogEditorView.swift */ = {isa = PBXFileReference; fileEncoding = 4; lastKnownFileType = sourcecode.swift; path = LogEditorView.swift; sourceTree = "<group>"; };
		C060844D1F410FBC0077BEBA /* LogCell.swift */ = {isa = PBXFileReference; fileEncoding = 4; lastKnownFileType = sourcecode.swift; path = LogCell.swift; sourceTree = "<group>"; };
		C06084511F41468B0077BEBA /* ModelController.swift */ = {isa = PBXFileReference; fileEncoding = 4; lastKnownFileType = sourcecode.swift; path = ModelController.swift; sourceTree = "<group>"; };
		C06084541F45D4040077BEBA /* LogHeaderView.swift */ = {isa = PBXFileReference; fileEncoding = 4; lastKnownFileType = sourcecode.swift; path = LogHeaderView.swift; sourceTree = "<group>"; };
		C06084561F49CAF40077BEBA /* LogDetailView.swift */ = {isa = PBXFileReference; fileEncoding = 4; lastKnownFileType = sourcecode.swift; path = LogDetailView.swift; sourceTree = "<group>"; };
		C06084581F49CB890077BEBA /* LogDetailController.swift */ = {isa = PBXFileReference; fileEncoding = 4; lastKnownFileType = sourcecode.swift; path = LogDetailController.swift; sourceTree = "<group>"; };
		C0E8E25F1F3449A600EDF143 /* Utils.swift */ = {isa = PBXFileReference; fileEncoding = 4; lastKnownFileType = sourcecode.swift; path = Utils.swift; sourceTree = "<group>"; };
		C0E8E2611F3452E400EDF143 /* LogEditorController.swift */ = {isa = PBXFileReference; fileEncoding = 4; lastKnownFileType = sourcecode.swift; path = LogEditorController.swift; sourceTree = "<group>"; };
		C0E8E2631F357DBC00EDF143 /* Model.swift */ = {isa = PBXFileReference; fileEncoding = 4; lastKnownFileType = sourcecode.swift; path = Model.swift; sourceTree = "<group>"; };
		C0FEB99F1F341DB80077D90F /* WorkDaily.app */ = {isa = PBXFileReference; explicitFileType = wrapper.application; includeInIndex = 0; path = WorkDaily.app; sourceTree = BUILT_PRODUCTS_DIR; };
		C0FEB9A21F341DB80077D90F /* AppDelegate.swift */ = {isa = PBXFileReference; lastKnownFileType = sourcecode.swift; path = AppDelegate.swift; sourceTree = "<group>"; };
		C0FEB9A41F341DB80077D90F /* LogsController.swift */ = {isa = PBXFileReference; lastKnownFileType = sourcecode.swift; path = LogsController.swift; sourceTree = "<group>"; };
		C0FEB9AA1F341DB80077D90F /* WorkDaily.xcdatamodel */ = {isa = PBXFileReference; lastKnownFileType = wrapper.xcdatamodel; path = WorkDaily.xcdatamodel; sourceTree = "<group>"; };
		C0FEB9AC1F341DB80077D90F /* Assets.xcassets */ = {isa = PBXFileReference; lastKnownFileType = folder.assetcatalog; path = Assets.xcassets; sourceTree = "<group>"; };
		C0FEB9AF1F341DB80077D90F /* Base */ = {isa = PBXFileReference; lastKnownFileType = file.storyboard; name = Base; path = Base.lproj/LaunchScreen.storyboard; sourceTree = "<group>"; };
		C0FEB9B11F341DB80077D90F /* Info.plist */ = {isa = PBXFileReference; lastKnownFileType = text.plist.xml; path = Info.plist; sourceTree = "<group>"; };
/* End PBXFileReference section */

/* Begin PBXFrameworksBuildPhase section */
		C0FEB99C1F341DB80077D90F /* Frameworks */ = {
			isa = PBXFrameworksBuildPhase;
			buildActionMask = 2147483647;
			files = (
			);
			runOnlyForDeploymentPostprocessing = 0;
		};
/* End PBXFrameworksBuildPhase section */

/* Begin PBXGroup section */
		C06084481F3861D20077BEBA /* Model */ = {
			isa = PBXGroup;
			children = (
				C0E8E2631F357DBC00EDF143 /* Model.swift */,
			);
			name = Model;
			sourceTree = "<group>";
		};
		C060844B1F3FEDC50077BEBA /* View */ = {
			isa = PBXGroup;
			children = (
				C06084491F3FEB030077BEBA /* LogEditorView.swift */,
				C06084561F49CAF40077BEBA /* LogDetailView.swift */,
				C060844D1F410FBC0077BEBA /* LogCell.swift */,
				C06084541F45D4040077BEBA /* LogHeaderView.swift */,
			);
			name = View;
			sourceTree = "<group>";
		};
		C060844C1F40011B0077BEBA /* ViewController */ = {
			isa = PBXGroup;
			children = (
				C0FEB9A41F341DB80077D90F /* LogsController.swift */,
				C0E8E2611F3452E400EDF143 /* LogEditorController.swift */,
				C06084581F49CB890077BEBA /* LogDetailController.swift */,
			);
			name = ViewController;
			sourceTree = "<group>";
		};
		C06084531F4146930077BEBA /* ModelController */ = {
			isa = PBXGroup;
			children = (
				C06084511F41468B0077BEBA /* ModelController.swift */,
			);
			name = ModelController;
			sourceTree = "<group>";
		};
		C0FEB9961F341DB80077D90F = {
			isa = PBXGroup;
			children = (
				C0FEB9A11F341DB80077D90F /* WorkDaily */,
				C0FEB9A01F341DB80077D90F /* Products */,
			);
			sourceTree = "<group>";
		};
		C0FEB9A01F341DB80077D90F /* Products */ = {
			isa = PBXGroup;
			children = (
				C0FEB99F1F341DB80077D90F /* WorkDaily.app */,
			);
			name = Products;
			sourceTree = "<group>";
		};
		C0FEB9A11F341DB80077D90F /* WorkDaily */ = {
			isa = PBXGroup;
			children = (
				C0FEB9A21F341DB80077D90F /* AppDelegate.swift */,
				C0E8E25F1F3449A600EDF143 /* Utils.swift */,
				C06084481F3861D20077BEBA /* Model */,
				C06084531F4146930077BEBA /* ModelController */,
				C060844B1F3FEDC50077BEBA /* View */,
				C060844C1F40011B0077BEBA /* ViewController */,
				C0FEB9AC1F341DB80077D90F /* Assets.xcassets */,
				C0FEB9AE1F341DB80077D90F /* LaunchScreen.storyboard */,
				C0FEB9B11F341DB80077D90F /* Info.plist */,
				C0FEB9A91F341DB80077D90F /* WorkDaily.xcdatamodeld */,
			);
			path = WorkDaily;
			sourceTree = "<group>";
		};
/* End PBXGroup section */

/* Begin PBXNativeTarget section */
		C0FEB99E1F341DB80077D90F /* WorkDaily */ = {
			isa = PBXNativeTarget;
			buildConfigurationList = C0FEB9B41F341DB80077D90F /* Build configuration list for PBXNativeTarget "WorkDaily" */;
			buildPhases = (
				C0FEB99B1F341DB80077D90F /* Sources */,
				C0FEB99C1F341DB80077D90F /* Frameworks */,
				C0FEB99D1F341DB80077D90F /* Resources */,
			);
			buildRules = (
			);
			dependencies = (
			);
			name = WorkDaily;
			productName = WorkDaily;
			productReference = C0FEB99F1F341DB80077D90F /* WorkDaily.app */;
			productType = "com.apple.product-type.application";
		};
/* End PBXNativeTarget section */

/* Begin PBXProject section */
		C0FEB9971F341DB80077D90F /* Project object */ = {
			isa = PBXProject;
			attributes = {
				LastSwiftUpdateCheck = 0830;
				LastUpgradeCheck = 0830;
				ORGANIZATIONNAME = partrick;
				TargetAttributes = {
					C0FEB99E1F341DB80077D90F = {
						CreatedOnToolsVersion = 8.3;
						DevelopmentTeam = GD7J2EY34Y;
						ProvisioningStyle = Automatic;
					};
				};
			};
			buildConfigurationList = C0FEB99A1F341DB80077D90F /* Build configuration list for PBXProject "WorkDaily" */;
			compatibilityVersion = "Xcode 3.2";
			developmentRegion = English;
			hasScannedForEncodings = 0;
			knownRegions = (
				en,
				Base,
			);
			mainGroup = C0FEB9961F341DB80077D90F;
			productRefGroup = C0FEB9A01F341DB80077D90F /* Products */;
			projectDirPath = "";
			projectRoot = "";
			targets = (
				C0FEB99E1F341DB80077D90F /* WorkDaily */,
			);
		};
/* End PBXProject section */

/* Begin PBXResourcesBuildPhase section */
		C0FEB99D1F341DB80077D90F /* Resources */ = {
			isa = PBXResourcesBuildPhase;
			buildActionMask = 2147483647;
			files = (
				C0FEB9B01F341DB80077D90F /* LaunchScreen.storyboard in Resources */,
				C0FEB9AD1F341DB80077D90F /* Assets.xcassets in Resources */,
			);
			runOnlyForDeploymentPostprocessing = 0;
		};
/* End PBXResourcesBuildPhase section */

/* Begin PBXSourcesBuildPhase section */
		C0FEB99B1F341DB80077D90F /* Sources */ = {
			isa = PBXSourcesBuildPhase;
			buildActionMask = 2147483647;
			files = (
				C0E8E2621F3452E400EDF143 /* LogEditorController.swift in Sources */,
				C0FEB9AB1F341DB80077D90F /* WorkDaily.xcdatamodeld in Sources */,
				C06084571F49CAF40077BEBA /* LogDetailView.swift in Sources */,
				C060844E1F410FBC0077BEBA /* LogCell.swift in Sources */,
				C0FEB9A51F341DB80077D90F /* LogsController.swift in Sources */,
				C06084591F49CB890077BEBA /* LogDetailController.swift in Sources */,
				C0E8E2641F357DBC00EDF143 /* Model.swift in Sources */,
				C060844A1F3FEB030077BEBA /* LogEditorView.swift in Sources */,
				C06084551F45D4040077BEBA /* LogHeaderView.swift in Sources */,
				C0FEB9A31F341DB80077D90F /* AppDelegate.swift in Sources */,
				C0E8E2601F3449A600EDF143 /* Utils.swift in Sources */,
				C06084521F41468B0077BEBA /* ModelController.swift in Sources */,
			);
			runOnlyForDeploymentPostprocessing = 0;
		};
/* End PBXSourcesBuildPhase section */

/* Begin PBXVariantGroup section */
		C0FEB9AE1F341DB80077D90F /* LaunchScreen.storyboard */ = {
			isa = PBXVariantGroup;
			children = (
				C0FEB9AF1F341DB80077D90F /* Base */,
			);
			name = LaunchScreen.storyboard;
			sourceTree = "<group>";
		};
/* End PBXVariantGroup section */

/* Begin XCBuildConfiguration section */
		C0FEB9B21F341DB80077D90F /* Debug */ = {
			isa = XCBuildConfiguration;
			buildSettings = {
				ALWAYS_SEARCH_USER_PATHS = NO;
				CLANG_ANALYZER_NONNULL = YES;
				CLANG_ANALYZER_NUMBER_OBJECT_CONVERSION = YES_AGGRESSIVE;
				CLANG_CXX_LANGUAGE_STANDARD = "gnu++0x";
				CLANG_CXX_LIBRARY = "libc++";
				CLANG_ENABLE_MODULES = YES;
				CLANG_ENABLE_OBJC_ARC = YES;
				CLANG_WARN_BOOL_CONVERSION = YES;
				CLANG_WARN_CONSTANT_CONVERSION = YES;
				CLANG_WARN_DIRECT_OBJC_ISA_USAGE = YES_ERROR;
				CLANG_WARN_DOCUMENTATION_COMMENTS = YES;
				CLANG_WARN_EMPTY_BODY = YES;
				CLANG_WARN_ENUM_CONVERSION = YES;
				CLANG_WARN_INFINITE_RECURSION = YES;
				CLANG_WARN_INT_CONVERSION = YES;
				CLANG_WARN_OBJC_ROOT_CLASS = YES_ERROR;
				CLANG_WARN_SUSPICIOUS_MOVE = YES;
				CLANG_WARN_UNREACHABLE_CODE = YES;
				CLANG_WARN__DUPLICATE_METHOD_MATCH = YES;
				"CODE_SIGN_IDENTITY[sdk=iphoneos*]" = "iPhone Developer";
				COPY_PHASE_STRIP = NO;
				DEBUG_INFORMATION_FORMAT = dwarf;
				ENABLE_STRICT_OBJC_MSGSEND = YES;
				ENABLE_TESTABILITY = YES;
				GCC_C_LANGUAGE_STANDARD = gnu99;
				GCC_DYNAMIC_NO_PIC = NO;
				GCC_NO_COMMON_BLOCKS = YES;
				GCC_OPTIMIZATION_LEVEL = 0;
				GCC_PREPROCESSOR_DEFINITIONS = (
					"DEBUG=1",
					"$(inherited)",
				);
				GCC_WARN_64_TO_32_BIT_CONVERSION = YES;
				GCC_WARN_ABOUT_RETURN_TYPE = YES_ERROR;
				GCC_WARN_UNDECLARED_SELECTOR = YES;
				GCC_WARN_UNINITIALIZED_AUTOS = YES_AGGRESSIVE;
				GCC_WARN_UNUSED_FUNCTION = YES;
				GCC_WARN_UNUSED_VARIABLE = YES;
				IPHONEOS_DEPLOYMENT_TARGET = 10.3;
				MTL_ENABLE_DEBUG_INFO = YES;
				ONLY_ACTIVE_ARCH = YES;
				SDKROOT = iphoneos;
				SWIFT_ACTIVE_COMPILATION_CONDITIONS = DEBUG;
				SWIFT_OPTIMIZATION_LEVEL = "-Onone";
			};
			name = Debug;
		};
		C0FEB9B31F341DB80077D90F /* Release */ = {
			isa = XCBuildConfiguration;
			buildSettings = {
				ALWAYS_SEARCH_USER_PATHS = NO;
				CLANG_ANALYZER_NONNULL = YES;
				CLANG_ANALYZER_NUMBER_OBJECT_CONVERSION = YES_AGGRESSIVE;
				CLANG_CXX_LANGUAGE_STANDARD = "gnu++0x";
				CLANG_CXX_LIBRARY = "libc++";
				CLANG_ENABLE_MODULES = YES;
				CLANG_ENABLE_OBJC_ARC = YES;
				CLANG_WARN_BOOL_CONVERSION = YES;
				CLANG_WARN_CONSTANT_CONVERSION = YES;
				CLANG_WARN_DIRECT_OBJC_ISA_USAGE = YES_ERROR;
				CLANG_WARN_DOCUMENTATION_COMMENTS = YES;
				CLANG_WARN_EMPTY_BODY = YES;
				CLANG_WARN_ENUM_CONVERSION = YES;
				CLANG_WARN_INFINITE_RECURSION = YES;
				CLANG_WARN_INT_CONVERSION = YES;
				CLANG_WARN_OBJC_ROOT_CLASS = YES_ERROR;
				CLANG_WARN_SUSPICIOUS_MOVE = YES;
				CLANG_WARN_UNREACHABLE_CODE = YES;
				CLANG_WARN__DUPLICATE_METHOD_MATCH = YES;
				"CODE_SIGN_IDENTITY[sdk=iphoneos*]" = "iPhone Developer";
				COPY_PHASE_STRIP = NO;
				DEBUG_INFORMATION_FORMAT = "dwarf-with-dsym";
				ENABLE_NS_ASSERTIONS = NO;
				ENABLE_STRICT_OBJC_MSGSEND = YES;
				GCC_C_LANGUAGE_STANDARD = gnu99;
				GCC_NO_COMMON_BLOCKS = YES;
				GCC_WARN_64_TO_32_BIT_CONVERSION = YES;
				GCC_WARN_ABOUT_RETURN_TYPE = YES_ERROR;
				GCC_WARN_UNDECLARED_SELECTOR = YES;
				GCC_WARN_UNINITIALIZED_AUTOS = YES_AGGRESSIVE;
				GCC_WARN_UNUSED_FUNCTION = YES;
				GCC_WARN_UNUSED_VARIABLE = YES;
				IPHONEOS_DEPLOYMENT_TARGET = 10.3;
				MTL_ENABLE_DEBUG_INFO = NO;
				SDKROOT = iphoneos;
				SWIFT_OPTIMIZATION_LEVEL = "-Owholemodule";
				VALIDATE_PRODUCT = YES;
			};
			name = Release;
		};
		C0FEB9B51F341DB80077D90F /* Debug */ = {
			isa = XCBuildConfiguration;
			buildSettings = {
				ASSETCATALOG_COMPILER_APPICON_NAME = AppIcon;
				DEVELOPMENT_TEAM = GD7J2EY34Y;
				INFOPLIST_FILE = WorkDaily/Info.plist;
				LD_RUNPATH_SEARCH_PATHS = "$(inherited) @executable_path/Frameworks";
				PRODUCT_BUNDLE_IDENTIFIER = wz.liguiyan.partrick.WorkDaily;
				PRODUCT_NAME = "$(TARGET_NAME)";
				SWIFT_VERSION = 3.0;
			};
			name = Debug;
		};
		C0FEB9B61F341DB80077D90F /* Release */ = {
			isa = XCBuildConfiguration;
			buildSettings = {
				ASSETCATALOG_COMPILER_APPICON_NAME = AppIcon;
				DEVELOPMENT_TEAM = GD7J2EY34Y;
				INFOPLIST_FILE = WorkDaily/Info.plist;
				LD_RUNPATH_SEARCH_PATHS = "$(inherited) @executable_path/Frameworks";
				PRODUCT_BUNDLE_IDENTIFIER = wz.liguiyan.partrick.WorkDaily;
				PRODUCT_NAME = "$(TARGET_NAME)";
				SWIFT_VERSION = 3.0;
			};
			name = Release;
		};
/* End XCBuildConfiguration section */

/* Begin XCConfigurationList section */
		C0FEB99A1F341DB80077D90F /* Build configuration list for PBXProject "WorkDaily" */ = {
			isa = XCConfigurationList;
			buildConfigurations = (
				C0FEB9B21F341DB80077D90F /* Debug */,
				C0FEB9B31F341DB80077D90F /* Release */,
			);
			defaultConfigurationIsVisible = 0;
			defaultConfigurationName = Release;
		};
		C0FEB9B41F341DB80077D90F /* Build configuration list for PBXNativeTarget "WorkDaily" */ = {
			isa = XCConfigurationList;
			buildConfigurations = (
				C0FEB9B51F341DB80077D90F /* Debug */,
				C0FEB9B61F341DB80077D90F /* Release */,
			);
			defaultConfigurationIsVisible = 0;
			defaultConfigurationName = Release;
		};
/* End XCConfigurationList section */

/* Begin XCVersionGroup section */
		C0FEB9A91F341DB80077D90F /* WorkDaily.xcdatamodeld */ = {
			isa = XCVersionGroup;
			children = (
				C0FEB9AA1F341DB80077D90F /* WorkDaily.xcdatamodel */,
			);
			currentVersion = C0FEB9AA1F341DB80077D90F /* WorkDaily.xcdatamodel */;
			path = WorkDaily.xcdatamodeld;
			sourceTree = "<group>";
			versionGroupType = wrapper.xcdatamodel;
		};
/* End XCVersionGroup section */
	};
	rootObject = C0FEB9971F341DB80077D90F /* Project object */;
}
